
Microsoft Visual Studio Solution File, Format Version 12.00
# Visual Studio Version 17
VisualStudioVersion = 17.5.001.0
MinimumVisualStudioVersion = 10.0.40219.1
Project("{9A19103F-16F7-4668-BE54-9A1E7A4F7556}") = "Example001_HelloConsole", "Example001_HelloConsole\Example001_HelloConsole.csproj", "{67C05BBC-A018-45CB-A62A-537E02C8E613}"
EndProject
Project("{9A19103F-16F7-4668-BE54-9A1E7A4F7556}") = "Example002_HelloUser", "Example002_HelloUser\Example002_HelloUser.csproj", "{5A520431-D3DA-42F7-9105-7CF6FDDA37AE}"
EndProject
Global
	GlobalSection(SolutionConfigurationPlatforms) = preSolution
		Debug|Any CPU = Debug|Any CPU
		Release|Any CPU = Release|Any CPU
	EndGlobalSection
	GlobalSection(ProjectConfigurationPlatforms) = postSolution
		{67C05BBC-A018-45CB-A62A-537E02C8E613}.Debug|Any CPU.ActiveCfg = Debug|Any CPU
		{67C05BBC-A018-45CB-A62A-537E02C8E613}.Debug|Any CPU.Build.0 = Debug|Any CPU
		{67C05BBC-A018-45CB-A62A-537E02C8E613}.Release|Any CPU.ActiveCfg = Release|Any CPU
		{67C05BBC-A018-45CB-A62A-537E02C8E613}.Release|Any CPU.Build.0 = Release|Any CPU
		{5A520431-D3DA-42F7-9105-7CF6FDDA37AE}.Debug|Any CPU.ActiveCfg = Debug|Any CPU
		{5A520431-D3DA-42F7-9105-7CF6FDDA37AE}.Debug|Any CPU.Build.0 = Debug|Any CPU
		{5A520431-D3DA-42F7-9105-7CF6FDDA37AE}.Release|Any CPU.ActiveCfg = Release|Any CPU
		{5A520431-D3DA-42F7-9105-7CF6FDDA37AE}.Release|Any CPU.Build.0 = Release|Any CPU
	EndGlobalSection
	GlobalSection(SolutionProperties) = preSolution
		HideSolutionNode = FALSE
	EndGlobalSection
	GlobalSection(ExtensibilityGlobals) = postSolution
		SolutionGuid = {9049777E-685A-4007-9031-D70D295D1928}
	EndGlobalSection
EndGlobal
